
Microsoft Visual Studio Solution File, Format Version 12.00
# Visual Studio 15
VisualStudioVersion = 15.0.27428.2037
MinimumVisualStudioVersion = 10.0.40219.1
Project("{FAE04EC0-301F-11D3-BF4B-00C04F79EFBC}") = "WebApplication1", "WebApplication1\WebApplication1.csproj", "{6061E758-BC7D-45DE-AB9E-7B9C9D91507E}"
EndProject
Project("{FAE04EC0-301F-11D3-BF4B-00C04F79EFBC}") = "WebApplication1.Tests", "WebApplication1.Tests\WebApplication1.Tests.csproj", "{89711F89-15FB-4A90-8397-EBDE6C01B747}"
EndProject
Global
	GlobalSection(SolutionConfigurationPlatforms) = preSolution
		Debug|Any CPU = Debug|Any CPU
		Release|Any CPU = Release|Any CPU
	EndGlobalSection
	GlobalSection(ProjectConfigurationPlatforms) = postSolution
		{6061E758-BC7D-45DE-AB9E-7B9C9D91507E}.Debug|Any CPU.ActiveCfg = Debug|Any CPU
		{6061E758-BC7D-45DE-AB9E-7B9C9D91507E}.Debug|Any CPU.Build.0 = Debug|Any CPU
		{6061E758-BC7D-45DE-AB9E-7B9C9D91507E}.Release|Any CPU.ActiveCfg = Release|Any CPU
		{6061E758-BC7D-45DE-AB9E-7B9C9D91507E}.Release|Any CPU.Build.0 = Release|Any CPU
		{89711F89-15FB-4A90-8397-EBDE6C01B747}.Debug|Any CPU.ActiveCfg = Debug|Any CPU
		{89711F89-15FB-4A90-8397-EBDE6C01B747}.Debug|Any CPU.Build.0 = Debug|Any CPU
		{89711F89-15FB-4A90-8397-EBDE6C01B747}.Release|Any CPU.ActiveCfg = Release|Any CPU
		{89711F89-15FB-4A90-8397-EBDE6C01B747}.Release|Any CPU.Build.0 = Release|Any CPU
	EndGlobalSection
	GlobalSection(SolutionProperties) = preSolution
		HideSolutionNode = FALSE
	EndGlobalSection
	GlobalSection(ExtensibilityGlobals) = postSolution
		SolutionGuid = {77FBE0C6-1113-4E4A-AA04-B5491949881E}
	EndGlobalSection
EndGlobal
